
Microsoft Visual Studio Solution File, Format Version 12.00
Project("{FAE04EC0-301F-11D3-BF4B-00C04F79EFBC}") = "HarpoS7", "HarpoS7\HarpoS7.csproj", "{250CC719-595C-47F5-84F3-80C7322D17B6}"
EndProject
Project("{FAE04EC0-301F-11D3-BF4B-00C04F79EFBC}") = "HarpoS7.Tests", "HarpoS7.Tests\HarpoS7.Tests.csproj", "{87563264-8CA5-4B72-A99D-535A42202C89}"
EndProject
Project("{FAE04EC0-301F-11D3-BF4B-00C04F79EFBC}") = "HarpoS7SslTest", "HarpoS7SslTest\HarpoS7SslTest.csproj", "{A20E33FB-D288-4409-BF74-678A6837A1C3}"
EndProject
Project("{FAE04EC0-301F-11D3-BF4B-00C04F79EFBC}") = "HarpoS7.PoC", "HarpoS7.PoC\HarpoS7.PoC.csproj", "{1531B4ED-2321-46EB-AB81-7C187DD0DC8D}"
EndProject
Project("{FAE04EC0-301F-11D3-BF4B-00C04F79EFBC}") = "HarpoS7.KeyDumper", "HarpoS7.KeyDumper\HarpoS7.KeyDumper.csproj", "{9A7E7261-70BA-4505-B807-BB8D6EF0BCF9}"
EndProject
Project("{FAE04EC0-301F-11D3-BF4B-00C04F79EFBC}") = "HarpoS7.KeyDumper.Tests", "HarpoS7.KeyDumper.Tests\HarpoS7.KeyDumper.Tests.csproj", "{C7DABCC4-C21C-42DD-ADB4-0A93A5CE0CAC}"
EndProject
Project("{FAE04EC0-301F-11D3-BF4B-00C04F79EFBC}") = "HarpoS7.KeyDumper.Cli", "HarpoS7.KeyDumper.Cli\HarpoS7.KeyDumper.Cli.csproj", "{3AA76126-8F1A-4750-A276-127D92FD672B}"
EndProject
Global
	GlobalSection(SolutionConfigurationPlatforms) = preSolution
		Debug|Any CPU = Debug|Any CPU
		Release|Any CPU = Release|Any CPU
	EndGlobalSection
	GlobalSection(ProjectConfigurationPlatforms) = postSolution
		{250CC719-595C-47F5-84F3-80C7322D17B6}.Debug|Any CPU.ActiveCfg = Debug|Any CPU
		{250CC719-595C-47F5-84F3-80C7322D17B6}.Debug|Any CPU.Build.0 = Debug|Any CPU
		{250CC719-595C-47F5-84F3-80C7322D17B6}.Release|Any CPU.ActiveCfg = Release|Any CPU
		{250CC719-595C-47F5-84F3-80C7322D17B6}.Release|Any CPU.Build.0 = Release|Any CPU
		{87563264-8CA5-4B72-A99D-535A42202C89}.Debug|Any CPU.ActiveCfg = Debug|Any CPU
		{87563264-8CA5-4B72-A99D-535A42202C89}.Debug|Any CPU.Build.0 = Debug|Any CPU
		{87563264-8CA5-4B72-A99D-535A42202C89}.Release|Any CPU.ActiveCfg = Release|Any CPU
		{87563264-8CA5-4B72-A99D-535A42202C89}.Release|Any CPU.Build.0 = Release|Any CPU
		{A20E33FB-D288-4409-BF74-678A6837A1C3}.Debug|Any CPU.ActiveCfg = Debug|Any CPU
		{A20E33FB-D288-4409-BF74-678A6837A1C3}.Debug|Any CPU.Build.0 = Debug|Any CPU
		{A20E33FB-D288-4409-BF74-678A6837A1C3}.Release|Any CPU.ActiveCfg = Release|Any CPU
		{A20E33FB-D288-4409-BF74-678A6837A1C3}.Release|Any CPU.Build.0 = Release|Any CPU
		{1531B4ED-2321-46EB-AB81-7C187DD0DC8D}.Debug|Any CPU.ActiveCfg = Debug|Any CPU
		{1531B4ED-2321-46EB-AB81-7C187DD0DC8D}.Debug|Any CPU.Build.0 = Debug|Any CPU
		{1531B4ED-2321-46EB-AB81-7C187DD0DC8D}.Release|Any CPU.ActiveCfg = Release|Any CPU
		{1531B4ED-2321-46EB-AB81-7C187DD0DC8D}.Release|Any CPU.Build.0 = Release|Any CPU
		{9A7E7261-70BA-4505-B807-BB8D6EF0BCF9}.Debug|Any CPU.ActiveCfg = Debug|Any CPU
		{9A7E7261-70BA-4505-B807-BB8D6EF0BCF9}.Debug|Any CPU.Build.0 = Debug|Any CPU
		{9A7E7261-70BA-4505-B807-BB8D6EF0BCF9}.Release|Any CPU.ActiveCfg = Release|Any CPU
		{9A7E7261-70BA-4505-B807-BB8D6EF0BCF9}.Release|Any CPU.Build.0 = Release|Any CPU
		{C7DABCC4-C21C-42DD-ADB4-0A93A5CE0CAC}.Debug|Any CPU.ActiveCfg = Debug|Any CPU
		{C7DABCC4-C21C-42DD-ADB4-0A93A5CE0CAC}.Debug|Any CPU.Build.0 = Debug|Any CPU
		{C7DABCC4-C21C-42DD-ADB4-0A93A5CE0CAC}.Release|Any CPU.ActiveCfg = Release|Any CPU
		{C7DABCC4-C21C-42DD-ADB4-0A93A5CE0CAC}.Release|Any CPU.Build.0 = Release|Any CPU
		{3AA76126-8F1A-4750-A276-127D92FD672B}.Debug|Any CPU.ActiveCfg = Debug|Any CPU
		{3AA76126-8F1A-4750-A276-127D92FD672B}.Debug|Any CPU.Build.0 = Debug|Any CPU
		{3AA76126-8F1A-4750-A276-127D92FD672B}.Release|Any CPU.ActiveCfg = Release|Any CPU
		{3AA76126-8F1A-4750-A276-127D92FD672B}.Release|Any CPU.Build.0 = Release|Any CPU
	EndGlobalSection
EndGlobal
